{
  "requires": true,
  "lockfileVersion": 1,
  "dependencies": {
    "@headlessui/react": {
      "version": "1.6.0",
      "resolved": "https://registry.npmjs.org/@headlessui/react/-/react-1.6.0.tgz",
      "integrity": "sha512-PlDuytBC6iDC/uMvpANm5VpRSuayyXMEeo/dNIwAZNHCfhZUqDQgLXjGu48SHsvMw22Kc3c3u9TOAMZNg+1vzw=="
    }
  }
}
